
Microsoft Visual Studio Solution File, Format Version 12.00
# Visual Studio Version 17
VisualStudioVersion = 17.9.34714.143
MinimumVisualStudioVersion = 10.0.40219.1
Project("{9A19103F-16F7-4668-BE54-9A1E7A4F7556}") = "PetrovichBot", "PetrovichBot.csproj", "{61A52142-C2B0-4BC3-AC55-9DD304FB3073}"
EndProject
Global
	GlobalSection(SolutionConfigurationPlatforms) = preSolution
		Debug|Any CPU = Debug|Any CPU
		Release|Any CPU = Release|Any CPU
	EndGlobalSection
	GlobalSection(ProjectConfigurationPlatforms) = postSolution
		{61A52142-C2B0-4BC3-AC55-9DD304FB3073}.Debug|Any CPU.ActiveCfg = Debug|Any CPU
		{61A52142-C2B0-4BC3-AC55-9DD304FB3073}.Debug|Any CPU.Build.0 = Debug|Any CPU
		{61A52142-C2B0-4BC3-AC55-9DD304FB3073}.Release|Any CPU.ActiveCfg = Release|Any CPU
		{61A52142-C2B0-4BC3-AC55-9DD304FB3073}.Release|Any CPU.Build.0 = Release|Any CPU
	EndGlobalSection
	GlobalSection(SolutionProperties) = preSolution
		HideSolutionNode = FALSE
	EndGlobalSection
	GlobalSection(ExtensibilityGlobals) = postSolution
		RESX_NeutralResourcesLanguage = ru-RU
		SolutionGuid = {631FFE7A-5EBA-4C3C-A842-CE8D7FB24738}
	EndGlobalSection
EndGlobal
